
Microsoft Visual Studio Solution File, Format Version 12.00
# Visual Studio Version 17
VisualStudioVersion = 17.14.36109.1
MinimumVisualStudioVersion = 10.0.40219.1
Project("{FAE04EC0-301F-11D3-BF4B-00C04F79EFBC}") = "LinqTask", "LinqTask\LinqTask.csproj", "{9EEACE96-680B-489C-AA98-0A0C1088EB6F}"
EndProject
Project("{FAE04EC0-301F-11D3-BF4B-00C04F79EFBC}") = "Tasks29.06.2025", "Tasks29.06.2025\Tasks29.06.2025.csproj", "{59A5A2AD-D4E3-4B1D-9017-D0B87C3636CD}"
EndProject
Global
	GlobalSection(SolutionConfigurationPlatforms) = preSolution
		Debug|Any CPU = Debug|Any CPU
		Release|Any CPU = Release|Any CPU
	EndGlobalSection
	GlobalSection(ProjectConfigurationPlatforms) = postSolution
		{9EEACE96-680B-489C-AA98-0A0C1088EB6F}.Debug|Any CPU.ActiveCfg = Debug|Any CPU
		{9EEACE96-680B-489C-AA98-0A0C1088EB6F}.Debug|Any CPU.Build.0 = Debug|Any CPU
		{9EEACE96-680B-489C-AA98-0A0C1088EB6F}.Release|Any CPU.ActiveCfg = Release|Any CPU
		{9EEACE96-680B-489C-AA98-0A0C1088EB6F}.Release|Any CPU.Build.0 = Release|Any CPU
		{59A5A2AD-D4E3-4B1D-9017-D0B87C3636CD}.Debug|Any CPU.ActiveCfg = Debug|Any CPU
		{59A5A2AD-D4E3-4B1D-9017-D0B87C3636CD}.Debug|Any CPU.Build.0 = Debug|Any CPU
		{59A5A2AD-D4E3-4B1D-9017-D0B87C3636CD}.Release|Any CPU.ActiveCfg = Release|Any CPU
		{59A5A2AD-D4E3-4B1D-9017-D0B87C3636CD}.Release|Any CPU.Build.0 = Release|Any CPU
	EndGlobalSection
	GlobalSection(SolutionProperties) = preSolution
		HideSolutionNode = FALSE
	EndGlobalSection
	GlobalSection(ExtensibilityGlobals) = postSolution
		SolutionGuid = {50823CFC-0EFB-4638-8F0F-AB4923386007}
	EndGlobalSection
EndGlobal
